
Microsoft Visual Studio Solution File, Format Version 12.00
# Visual Studio Version 17
VisualStudioVersion = 17.3.32819.101
MinimumVisualStudioVersion = 10.0.40219.1
Project("{FAE04EC0-301F-11D3-BF4B-00C04F79EFBC}") = "exo_POO_6", "exo_POO_6.csproj", "{F2296CB6-7CEB-44A5-B487-2F31A7AF041B}"
EndProject
Global
	GlobalSection(SolutionConfigurationPlatforms) = preSolution
		Debug|Any CPU = Debug|Any CPU
		Release|Any CPU = Release|Any CPU
	EndGlobalSection
	GlobalSection(ProjectConfigurationPlatforms) = postSolution
		{F2296CB6-7CEB-44A5-B487-2F31A7AF041B}.Debug|Any CPU.ActiveCfg = Debug|Any CPU
		{F2296CB6-7CEB-44A5-B487-2F31A7AF041B}.Debug|Any CPU.Build.0 = Debug|Any CPU
		{F2296CB6-7CEB-44A5-B487-2F31A7AF041B}.Release|Any CPU.ActiveCfg = Release|Any CPU
		{F2296CB6-7CEB-44A5-B487-2F31A7AF041B}.Release|Any CPU.Build.0 = Release|Any CPU
	EndGlobalSection
	GlobalSection(SolutionProperties) = preSolution
		HideSolutionNode = FALSE
	EndGlobalSection
	GlobalSection(ExtensibilityGlobals) = postSolution
		SolutionGuid = {00275F94-D247-415C-8579-F21D2B51C579}
	EndGlobalSection
EndGlobal
